
Microsoft Visual Studio Solution File, Format Version 12.00
# Visual Studio Version 17
VisualStudioVersion = 17.13.35828.75 d17.13
MinimumVisualStudioVersion = 10.0.40219.1
Project("{8BC9CEB8-8B4A-11D0-8D11-00A0C91BC942}") = "Logger", "Logger\Logger.vcxproj", "{CCB45FE7-3854-4FC3-86FA-9EF8E9CBCE61}"
EndProject
Global
	GlobalSection(SolutionConfigurationPlatforms) = preSolution
		Debug|x64 = Debug|x64
		Debug|x86 = Debug|x86
		Release|x64 = Release|x64
		Release|x86 = Release|x86
	EndGlobalSection
	GlobalSection(ProjectConfigurationPlatforms) = postSolution
		{CCB45FE7-3854-4FC3-86FA-9EF8E9CBCE61}.Debug|x64.ActiveCfg = Debug|x64
		{CCB45FE7-3854-4FC3-86FA-9EF8E9CBCE61}.Debug|x64.Build.0 = Debug|x64
		{CCB45FE7-3854-4FC3-86FA-9EF8E9CBCE61}.Debug|x86.ActiveCfg = Debug|Win32
		{CCB45FE7-3854-4FC3-86FA-9EF8E9CBCE61}.Debug|x86.Build.0 = Debug|Win32
		{CCB45FE7-3854-4FC3-86FA-9EF8E9CBCE61}.Release|x64.ActiveCfg = Release|x64
		{CCB45FE7-3854-4FC3-86FA-9EF8E9CBCE61}.Release|x64.Build.0 = Release|x64
		{CCB45FE7-3854-4FC3-86FA-9EF8E9CBCE61}.Release|x86.ActiveCfg = Release|Win32
		{CCB45FE7-3854-4FC3-86FA-9EF8E9CBCE61}.Release|x86.Build.0 = Release|Win32
	EndGlobalSection
	GlobalSection(SolutionProperties) = preSolution
		HideSolutionNode = FALSE
	EndGlobalSection
	GlobalSection(ExtensibilityGlobals) = postSolution
		SolutionGuid = {ADC63216-070D-420C-AA31-225162B5D7C7}
	EndGlobalSection
EndGlobal
